{
  "version": 4,
  "terraform_version": "1.4.6",
  "serial": 1,
  "lineage": "f80032a3-4488-a230-5d79-cdcbbd6d2a0c",
  "outputs": {
    "hello_message": {
      "value": "Hello Julia!",
      "type": "string"
    }
  },
  "resources": [
    {
      "mode": "managed",
      "type": "local_file",
      "name": "python_function",
      "provider": "provider[\"registry.terraform.io/hashicorp/local\"]",
      "instances": [
        {
          "schema_version": 0,
          "attributes": {
            "content": "def hello(name):\n    print(f\"Hello {name}!\")\n",
            "content_base64": null,
            "content_base64sha256": "Fh2EV0AMP/jUUQ4FiiYQgtQQovDX5UQuprAEPEgzqyI=",
            "content_base64sha512": "WyHrSzTiSAyQzufZCXCbYKFoxwADLNVl93uLCq2ngRYVquI7IaYhAOnoYcPj6cNvzWN0I+MvRzS3QuK30KhToA==",
            "content_md5": "bda6da25c60795108930cccd7ceb45be",
            "content_sha1": "89df7d882d5da92d3e9b1027ef83ff93b7b35a44",
            "content_sha256": "161d8457400c3ff8d4510e058a261082d410a2f0d7e5442ea6b0043c4833ab22",
            "content_sha512": "5b21eb4b34e2480c90cee7d909709b60a168c700032cd565f77b8b0aada7811615aae23b21a62100e9e861c3e3e9c36fcd637423e32f4734b742e2b7d0a853a0",
            "directory_permission": "0777",
            "file_permission": "0777",
            "filename": "./hello.py",
            "id": "89df7d882d5da92d3e9b1027ef83ff93b7b35a44",
            "sensitive_content": null,
            "source": null
          },
          "sensitive_attributes": []
        }
      ]
    }
  ],
  "check_results": null
}
